// !$*UTF8*$!
{
	archiveVersion = 1;
	classes = {
	};
	objectVersion = 46;
	objects = {

/* Begin PBXBuildFile section */
		1999B58C1E420517009655DF /* main.cpp in Sources */ = {isa = PBXBuildFile; fileRef = 1999B58B1E420517009655DF /* main.cpp */; };
		1999B5A21E420682009655DF /* imgui.cpp in Sources */ = {isa = PBXBuildFile; fileRef = 1999B5941E420682009655DF /* imgui.cpp */; };
		1999B5A31E420682009655DF /* imgui_demo.cpp in Sources */ = {isa = PBXBuildFile; fileRef = 1999B5961E420682009655DF /* imgui_demo.cpp */; };
		1999B5A41E420682009655DF /* imgui_draw.cpp in Sources */ = {isa = PBXBuildFile; fileRef = 1999B5991E420682009655DF /* imgui_draw.cpp */; };
		1999B5A51E420682009655DF /* README.md in Sources */ = {isa = PBXBuildFile; fileRef = 1999B59E1E420682009655DF /* README.md */; };
/* End PBXBuildFile section */

/* Begin PBXCopyFilesBuildPhase section */
		1999B5861E420517009655DF /* CopyFiles */ = {
			isa = PBXCopyFilesBuildPhase;
			buildActionMask = 2147483647;
			dstPath = /usr/share/man/man1/;
			dstSubfolderSpec = 0;
			files = (
			);
			runOnlyForDeploymentPostprocessing = 1;
		};
/* End PBXCopyFilesBuildPhase section */

/* Begin PBXFileReference section */
		1999B5881E420517009655DF /* x_uml */ = {isa = PBXFileReference; explicitFileType = "compiled.mach-o.executable"; includeInIndex = 0; path = x_uml; sourceTree = BUILT_PRODUCTS_DIR; };
		1999B58B1E420517009655DF /* main.cpp */ = {isa = PBXFileReference; lastKnownFileType = sourcecode.cpp.cpp; path = main.cpp; sourceTree = "<group>"; };
		1999B5931E420682009655DF /* imconfig.h */ = {isa = PBXFileReference; fileEncoding = 4; lastKnownFileType = sourcecode.c.h; path = imconfig.h; sourceTree = "<group>"; };
		1999B5941E420682009655DF /* imgui.cpp */ = {isa = PBXFileReference; fileEncoding = 4; lastKnownFileType = sourcecode.cpp.cpp; path = imgui.cpp; sourceTree = "<group>"; };
		1999B5951E420682009655DF /* imgui.h */ = {isa = PBXFileReference; fileEncoding = 4; lastKnownFileType = sourcecode.c.h; path = imgui.h; sourceTree = "<group>"; };
		1999B5961E420682009655DF /* imgui_demo.cpp */ = {isa = PBXFileReference; fileEncoding = 4; lastKnownFileType = sourcecode.cpp.cpp; path = imgui_demo.cpp; sourceTree = "<group>"; };
		1999B5971E420682009655DF /* imgui_dock.h */ = {isa = PBXFileReference; fileEncoding = 4; lastKnownFileType = sourcecode.c.h; path = imgui_dock.h; sourceTree = "<group>"; };
		1999B5981E420682009655DF /* imgui_dock.inl */ = {isa = PBXFileReference; fileEncoding = 4; lastKnownFileType = text; path = imgui_dock.inl; sourceTree = "<group>"; };
		1999B5991E420682009655DF /* imgui_draw.cpp */ = {isa = PBXFileReference; fileEncoding = 4; lastKnownFileType = sourcecode.cpp.cpp; path = imgui_draw.cpp; sourceTree = "<group>"; };
		1999B59A1E420682009655DF /* imgui_internal.h */ = {isa = PBXFileReference; fileEncoding = 4; lastKnownFileType = sourcecode.c.h; path = imgui_internal.h; sourceTree = "<group>"; };
		1999B59B1E420682009655DF /* imgui_user.h */ = {isa = PBXFileReference; fileEncoding = 4; lastKnownFileType = sourcecode.c.h; path = imgui_user.h; sourceTree = "<group>"; };
		1999B59C1E420682009655DF /* imgui_user.inl */ = {isa = PBXFileReference; fileEncoding = 4; lastKnownFileType = text; path = imgui_user.inl; sourceTree = "<group>"; };
		1999B59D1E420682009655DF /* LICENSE */ = {isa = PBXFileReference; fileEncoding = 4; lastKnownFileType = text; path = LICENSE; sourceTree = "<group>"; };
		1999B59E1E420682009655DF /* README.md */ = {isa = PBXFileReference; fileEncoding = 4; lastKnownFileType = net.daringfireball.markdown; path = README.md; sourceTree = "<group>"; };
		1999B59F1E420682009655DF /* stb_rect_pack.h */ = {isa = PBXFileReference; fileEncoding = 4; lastKnownFileType = sourcecode.c.h; path = stb_rect_pack.h; sourceTree = "<group>"; };
		1999B5A01E420682009655DF /* stb_textedit.h */ = {isa = PBXFileReference; fileEncoding = 4; lastKnownFileType = sourcecode.c.h; path = stb_textedit.h; sourceTree = "<group>"; };
		1999B5A11E420682009655DF /* stb_truetype.h */ = {isa = PBXFileReference; fileEncoding = 4; lastKnownFileType = sourcecode.c.h; path = stb_truetype.h; sourceTree = "<group>"; };
/* End PBXFileReference section */

/* Begin PBXFrameworksBuildPhase section */
		1999B5851E420517009655DF /* Frameworks */ = {
			isa = PBXFrameworksBuildPhase;
			buildActionMask = 2147483647;
			files = (
			);
			runOnlyForDeploymentPostprocessing = 0;
		};
/* End PBXFrameworksBuildPhase section */

/* Begin PBXGroup section */
		1999B57F1E420517009655DF = {
			isa = PBXGroup;
			children = (
				1999B5921E420682009655DF /* imgui */,
				1999B58A1E420517009655DF /* x_uml */,
				1999B5891E420517009655DF /* Products */,
			);
			sourceTree = "<group>";
		};
		1999B5891E420517009655DF /* Products */ = {
			isa = PBXGroup;
			children = (
				1999B5881E420517009655DF /* x_uml */,
			);
			name = Products;
			sourceTree = "<group>";
		};
		1999B58A1E420517009655DF /* x_uml */ = {
			isa = PBXGroup;
			children = (
				1999B58B1E420517009655DF /* main.cpp */,
			);
			path = x_uml;
			sourceTree = "<group>";
		};
		1999B5921E420682009655DF /* imgui */ = {
			isa = PBXGroup;
			children = (
				1999B5931E420682009655DF /* imconfig.h */,
				1999B5941E420682009655DF /* imgui.cpp */,
				1999B5951E420682009655DF /* imgui.h */,
				1999B5961E420682009655DF /* imgui_demo.cpp */,
				1999B5971E420682009655DF /* imgui_dock.h */,
				1999B5981E420682009655DF /* imgui_dock.inl */,
				1999B5991E420682009655DF /* imgui_draw.cpp */,
				1999B59A1E420682009655DF /* imgui_internal.h */,
				1999B59B1E420682009655DF /* imgui_user.h */,
				1999B59C1E420682009655DF /* imgui_user.inl */,
				1999B59D1E420682009655DF /* LICENSE */,
				1999B59E1E420682009655DF /* README.md */,
				1999B59F1E420682009655DF /* stb_rect_pack.h */,
				1999B5A01E420682009655DF /* stb_textedit.h */,
				1999B5A11E420682009655DF /* stb_truetype.h */,
			);
			path = imgui;
			sourceTree = "<group>";
		};
/* End PBXGroup section */

/* Begin PBXNativeTarget section */
		1999B5871E420517009655DF /* x_uml */ = {
			isa = PBXNativeTarget;
			buildConfigurationList = 1999B58F1E420517009655DF /* Build configuration list for PBXNativeTarget "x_uml" */;
			buildPhases = (
				1999B5841E420517009655DF /* Sources */,
				1999B5851E420517009655DF /* Frameworks */,
				1999B5861E420517009655DF /* CopyFiles */,
			);
			buildRules = (
			);
			dependencies = (
			);
			name = x_uml;
			productName = x_uml;
			productReference = 1999B5881E420517009655DF /* x_uml */;
			productType = "com.apple.product-type.tool";
		};
/* End PBXNativeTarget section */

/* Begin PBXProject section */
		1999B5801E420517009655DF /* Project object */ = {
			isa = PBXProject;
			attributes = {
				LastUpgradeCheck = 0820;
				ORGANIZATIONNAME = "moto2 yang";
				TargetAttributes = {
					1999B5871E420517009655DF = {
						CreatedOnToolsVersion = 8.2.1;
						ProvisioningStyle = Automatic;
					};
				};
			};
			buildConfigurationList = 1999B5831E420517009655DF /* Build configuration list for PBXProject "x_uml" */;
			compatibilityVersion = "Xcode 3.2";
			developmentRegion = English;
			hasScannedForEncodings = 0;
			knownRegions = (
				en,
			);
			mainGroup = 1999B57F1E420517009655DF;
			productRefGroup = 1999B5891E420517009655DF /* Products */;
			projectDirPath = "";
			projectRoot = "";
			targets = (
				1999B5871E420517009655DF /* x_uml */,
			);
		};
/* End PBXProject section */

/* Begin PBXSourcesBuildPhase section */
		1999B5841E420517009655DF /* Sources */ = {
			isa = PBXSourcesBuildPhase;
			buildActionMask = 2147483647;
			files = (
				1999B58C1E420517009655DF /* main.cpp in Sources */,
				1999B5A21E420682009655DF /* imgui.cpp in Sources */,
				1999B5A51E420682009655DF /* README.md in Sources */,
				1999B5A31E420682009655DF /* imgui_demo.cpp in Sources */,
				1999B5A41E420682009655DF /* imgui_draw.cpp in Sources */,
			);
			runOnlyForDeploymentPostprocessing = 0;
		};
/* End PBXSourcesBuildPhase section */

/* Begin XCBuildConfiguration section */
		1999B58D1E420517009655DF /* Debug */ = {
			isa = XCBuildConfiguration;
			buildSettings = {
				ALWAYS_SEARCH_USER_PATHS = NO;
				CLANG_ANALYZER_NONNULL = YES;
				CLANG_CXX_LANGUAGE_STANDARD = "gnu++0x";
				CLANG_CXX_LIBRARY = "libc++";
				CLANG_ENABLE_MODULES = YES;
				CLANG_ENABLE_OBJC_ARC = YES;
				CLANG_WARN_BOOL_CONVERSION = YES;
				CLANG_WARN_CONSTANT_CONVERSION = YES;
				CLANG_WARN_DIRECT_OBJC_ISA_USAGE = YES_ERROR;
				CLANG_WARN_DOCUMENTATION_COMMENTS = YES;
				CLANG_WARN_EMPTY_BODY = YES;
				CLANG_WARN_ENUM_CONVERSION = YES;
				CLANG_WARN_INFINITE_RECURSION = YES;
				CLANG_WARN_INT_CONVERSION = YES;
				CLANG_WARN_OBJC_ROOT_CLASS = YES_ERROR;
				CLANG_WARN_SUSPICIOUS_MOVE = YES;
				CLANG_WARN_UNREACHABLE_CODE = YES;
				CLANG_WARN__DUPLICATE_METHOD_MATCH = YES;
				CODE_SIGN_IDENTITY = "-";
				COPY_PHASE_STRIP = NO;
				DEBUG_INFORMATION_FORMAT = dwarf;
				ENABLE_STRICT_OBJC_MSGSEND = YES;
				ENABLE_TESTABILITY = YES;
				GCC_C_LANGUAGE_STANDARD = gnu99;
				GCC_DYNAMIC_NO_PIC = NO;
				GCC_NO_COMMON_BLOCKS = YES;
				GCC_OPTIMIZATION_LEVEL = 0;
				GCC_PREPROCESSOR_DEFINITIONS = (
					"DEBUG=1",
					"$(inherited)",
				);
				GCC_WARN_64_TO_32_BIT_CONVERSION = YES;
				GCC_WARN_ABOUT_RETURN_TYPE = YES_ERROR;
				GCC_WARN_UNDECLARED_SELECTOR = YES;
				GCC_WARN_UNINITIALIZED_AUTOS = YES_AGGRESSIVE;
				GCC_WARN_UNUSED_FUNCTION = YES;
				GCC_WARN_UNUSED_VARIABLE = YES;
				MACOSX_DEPLOYMENT_TARGET = 10.12;
				MTL_ENABLE_DEBUG_INFO = YES;
				ONLY_ACTIVE_ARCH = YES;
				SDKROOT = macosx;
			};
			name = Debug;
		};
		1999B58E1E420517009655DF /* Release */ = {
			isa = XCBuildConfiguration;
			buildSettings = {
				ALWAYS_SEARCH_USER_PATHS = NO;
				CLANG_ANALYZER_NONNULL = YES;
				CLANG_CXX_LANGUAGE_STANDARD = "gnu++0x";
				CLANG_CXX_LIBRARY = "libc++";
				CLANG_ENABLE_MODULES = YES;
				CLANG_ENABLE_OBJC_ARC = YES;
				CLANG_WARN_BOOL_CONVERSION = YES;
				CLANG_WARN_CONSTANT_CONVERSION = YES;
				CLANG_WARN_DIRECT_OBJC_ISA_USAGE = YES_ERROR;
				CLANG_WARN_DOCUMENTATION_COMMENTS = YES;
				CLANG_WARN_EMPTY_BODY = YES;
				CLANG_WARN_ENUM_CONVERSION = YES;
				CLANG_WARN_INFINITE_RECURSION = YES;
				CLANG_WARN_INT_CONVERSION = YES;
				CLANG_WARN_OBJC_ROOT_CLASS = YES_ERROR;
				CLANG_WARN_SUSPICIOUS_MOVE = YES;
				CLANG_WARN_UNREACHABLE_CODE = YES;
				CLANG_WARN__DUPLICATE_METHOD_MATCH = YES;
				CODE_SIGN_IDENTITY = "-";
				COPY_PHASE_STRIP = NO;
				DEBUG_INFORMATION_FORMAT = "dwarf-with-dsym";
				ENABLE_NS_ASSERTIONS = NO;
				ENABLE_STRICT_OBJC_MSGSEND = YES;
				GCC_C_LANGUAGE_STANDARD = gnu99;
				GCC_NO_COMMON_BLOCKS = YES;
				GCC_WARN_64_TO_32_BIT_CONVERSION = YES;
				GCC_WARN_ABOUT_RETURN_TYPE = YES_ERROR;
				GCC_WARN_UNDECLARED_SELECTOR = YES;
				GCC_WARN_UNINITIALIZED_AUTOS = YES_AGGRESSIVE;
				GCC_WARN_UNUSED_FUNCTION = YES;
				GCC_WARN_UNUSED_VARIABLE = YES;
				MACOSX_DEPLOYMENT_TARGET = 10.12;
				MTL_ENABLE_DEBUG_INFO = NO;
				SDKROOT = macosx;
			};
			name = Release;
		};
		1999B5901E420517009655DF /* Debug */ = {
			isa = XCBuildConfiguration;
			buildSettings = {
				PRODUCT_NAME = "$(TARGET_NAME)";
			};
			name = Debug;
		};
		1999B5911E420517009655DF /* Release */ = {
			isa = XCBuildConfiguration;
			buildSettings = {
				PRODUCT_NAME = "$(TARGET_NAME)";
			};
			name = Release;
		};
/* End XCBuildConfiguration section */

/* Begin XCConfigurationList section */
		1999B5831E420517009655DF /* Build configuration list for PBXProject "x_uml" */ = {
			isa = XCConfigurationList;
			buildConfigurations = (
				1999B58D1E420517009655DF /* Debug */,
				1999B58E1E420517009655DF /* Release */,
			);
			defaultConfigurationIsVisible = 0;
			defaultConfigurationName = Release;
		};
		1999B58F1E420517009655DF /* Build configuration list for PBXNativeTarget "x_uml" */ = {
			isa = XCConfigurationList;
			buildConfigurations = (
				1999B5901E420517009655DF /* Debug */,
				1999B5911E420517009655DF /* Release */,
			);
			defaultConfigurationIsVisible = 0;
			defaultConfigurationName = Release;
		};
/* End XCConfigurationList section */
	};
	rootObject = 1999B5801E420517009655DF /* Project object */;
}
